// !$*UTF8*$!
{
	archiveVersion = 1;
	classes = {
	};
	objectVersion = 50;
	objects = {

/* Begin PBXBuildFile section */
		0B0239A024E15A8500BD738F /* ApiManager.swift in Sources */ = {isa = PBXBuildFile; fileRef = 0B02399F24E15A8500BD738F /* ApiManager.swift */; };
		0B0239AB24E15D3F00BD738F /* Hourly.swift in Sources */ = {isa = PBXBuildFile; fileRef = 0B0239A224E15D3F00BD738F /* Hourly.swift */; };
		0B0239AC24E15D3F00BD738F /* FeelsLike.swift in Sources */ = {isa = PBXBuildFile; fileRef = 0B0239A324E15D3F00BD738F /* FeelsLike.swift */; };
		0B0239AD24E15D3F00BD738F /* Rain.swift in Sources */ = {isa = PBXBuildFile; fileRef = 0B0239A424E15D3F00BD738F /* Rain.swift */; };
		0B0239AE24E15D3F00BD738F /* Temp.swift in Sources */ = {isa = PBXBuildFile; fileRef = 0B0239A524E15D3F00BD738F /* Temp.swift */; };
		0B0239AF24E15D3F00BD738F /* Minutely.swift in Sources */ = {isa = PBXBuildFile; fileRef = 0B0239A624E15D3F00BD738F /* Minutely.swift */; };
		0B0239B024E15D3F00BD738F /* WeatherDataModel.swift in Sources */ = {isa = PBXBuildFile; fileRef = 0B0239A724E15D3F00BD738F /* WeatherDataModel.swift */; };
		0B0239B124E15D3F00BD738F /* Weather.swift in Sources */ = {isa = PBXBuildFile; fileRef = 0B0239A824E15D3F00BD738F /* Weather.swift */; };
		0B0239B224E15D3F00BD738F /* Daily.swift in Sources */ = {isa = PBXBuildFile; fileRef = 0B0239A924E15D3F00BD738F /* Daily.swift */; };
		0B0239B324E15D3F00BD738F /* Current.swift in Sources */ = {isa = PBXBuildFile; fileRef = 0B0239AA24E15D3F00BD738F /* Current.swift */; };
		0B0239B924E16A6000BD738F /* CurrentTimeTableViewCell.swift in Sources */ = {isa = PBXBuildFile; fileRef = 0B0239B724E16A6000BD738F /* CurrentTimeTableViewCell.swift */; };
		0B0239BA24E16A6000BD738F /* CurrentTimeTableViewCell.xib in Resources */ = {isa = PBXBuildFile; fileRef = 0B0239B824E16A6000BD738F /* CurrentTimeTableViewCell.xib */; };
		0B0239C024E16AC800BD738F /* HourlyCollectionViewCell.swift in Sources */ = {isa = PBXBuildFile; fileRef = 0B0239BE24E16AC800BD738F /* HourlyCollectionViewCell.swift */; };
		0B0239C124E16AC800BD738F /* HourlyCollectionViewCell.xib in Resources */ = {isa = PBXBuildFile; fileRef = 0B0239BF24E16AC800BD738F /* HourlyCollectionViewCell.xib */; };
		0B0505C024E25B40006E5348 /* StringExtension.swift in Sources */ = {isa = PBXBuildFile; fileRef = 0B0505BF24E25B40006E5348 /* StringExtension.swift */; };
		0B0505C224E25B78006E5348 /* UIImageExtension.swift in Sources */ = {isa = PBXBuildFile; fileRef = 0B0505C124E25B78006E5348 /* UIImageExtension.swift */; };
		0BEDF3DD24DFBC7900CFD043 /* AppDelegate.swift in Sources */ = {isa = PBXBuildFile; fileRef = 0BEDF3DC24DFBC7900CFD043 /* AppDelegate.swift */; };
		0BEDF3DF24DFBC7900CFD043 /* SceneDelegate.swift in Sources */ = {isa = PBXBuildFile; fileRef = 0BEDF3DE24DFBC7900CFD043 /* SceneDelegate.swift */; };
		0BEDF3E124DFBC7900CFD043 /* ViewController.swift in Sources */ = {isa = PBXBuildFile; fileRef = 0BEDF3E024DFBC7900CFD043 /* ViewController.swift */; };
		0BEDF3E424DFBC7900CFD043 /* Main.storyboard in Resources */ = {isa = PBXBuildFile; fileRef = 0BEDF3E224DFBC7900CFD043 /* Main.storyboard */; };
		0BEDF3E624DFBC7B00CFD043 /* Assets.xcassets in Resources */ = {isa = PBXBuildFile; fileRef = 0BEDF3E524DFBC7B00CFD043 /* Assets.xcassets */; };
		0BEDF3E924DFBC7B00CFD043 /* LaunchScreen.storyboard in Resources */ = {isa = PBXBuildFile; fileRef = 0BEDF3E724DFBC7B00CFD043 /* LaunchScreen.storyboard */; };
		0BEDF3F424DFBF5B00CFD043 /* WeatherTableViewCell.swift in Sources */ = {isa = PBXBuildFile; fileRef = 0BEDF3F224DFBF5B00CFD043 /* WeatherTableViewCell.swift */; };
		0BEDF3F524DFBF5B00CFD043 /* WeatherTableViewCell.xib in Resources */ = {isa = PBXBuildFile; fileRef = 0BEDF3F324DFBF5B00CFD043 /* WeatherTableViewCell.xib */; };
		0BEDF3FA24DFBF8F00CFD043 /* HourlyTableViewCell.swift in Sources */ = {isa = PBXBuildFile; fileRef = 0BEDF3F824DFBF8F00CFD043 /* HourlyTableViewCell.swift */; };
		0BEDF3FB24DFBF8F00CFD043 /* HourlyTableViewCell.xib in Resources */ = {isa = PBXBuildFile; fileRef = 0BEDF3F924DFBF8F00CFD043 /* HourlyTableViewCell.xib */; };
/* End PBXBuildFile section */

/* Begin PBXFileReference section */
		0B02399F24E15A8500BD738F /* ApiManager.swift */ = {isa = PBXFileReference; lastKnownFileType = sourcecode.swift; path = ApiManager.swift; sourceTree = "<group>"; };
		0B0239A224E15D3F00BD738F /* Hourly.swift */ = {isa = PBXFileReference; fileEncoding = 4; lastKnownFileType = sourcecode.swift; path = Hourly.swift; sourceTree = "<group>"; };
		0B0239A324E15D3F00BD738F /* FeelsLike.swift */ = {isa = PBXFileReference; fileEncoding = 4; lastKnownFileType = sourcecode.swift; path = FeelsLike.swift; sourceTree = "<group>"; };
		0B0239A424E15D3F00BD738F /* Rain.swift */ = {isa = PBXFileReference; fileEncoding = 4; lastKnownFileType = sourcecode.swift; path = Rain.swift; sourceTree = "<group>"; };
		0B0239A524E15D3F00BD738F /* Temp.swift */ = {isa = PBXFileReference; fileEncoding = 4; lastKnownFileType = sourcecode.swift; path = Temp.swift; sourceTree = "<group>"; };
		0B0239A624E15D3F00BD738F /* Minutely.swift */ = {isa = PBXFileReference; fileEncoding = 4; lastKnownFileType = sourcecode.swift; path = Minutely.swift; sourceTree = "<group>"; };
		0B0239A724E15D3F00BD738F /* WeatherDataModel.swift */ = {isa = PBXFileReference; fileEncoding = 4; lastKnownFileType = sourcecode.swift; path = WeatherDataModel.swift; sourceTree = "<group>"; };
		0B0239A824E15D3F00BD738F /* Weather.swift */ = {isa = PBXFileReference; fileEncoding = 4; lastKnownFileType = sourcecode.swift; path = Weather.swift; sourceTree = "<group>"; };
		0B0239A924E15D3F00BD738F /* Daily.swift */ = {isa = PBXFileReference; fileEncoding = 4; lastKnownFileType = sourcecode.swift; path = Daily.swift; sourceTree = "<group>"; };
		0B0239AA24E15D3F00BD738F /* Current.swift */ = {isa = PBXFileReference; fileEncoding = 4; lastKnownFileType = sourcecode.swift; path = Current.swift; sourceTree = "<group>"; };
		0B0239B724E16A6000BD738F /* CurrentTimeTableViewCell.swift */ = {isa = PBXFileReference; lastKnownFileType = sourcecode.swift; path = CurrentTimeTableViewCell.swift; sourceTree = "<group>"; };
		0B0239B824E16A6000BD738F /* CurrentTimeTableViewCell.xib */ = {isa = PBXFileReference; lastKnownFileType = file.xib; path = CurrentTimeTableViewCell.xib; sourceTree = "<group>"; };
		0B0239BE24E16AC800BD738F /* HourlyCollectionViewCell.swift */ = {isa = PBXFileReference; lastKnownFileType = sourcecode.swift; path = HourlyCollectionViewCell.swift; sourceTree = "<group>"; };
		0B0239BF24E16AC800BD738F /* HourlyCollectionViewCell.xib */ = {isa = PBXFileReference; lastKnownFileType = file.xib; path = HourlyCollectionViewCell.xib; sourceTree = "<group>"; };
		0B0505BF24E25B40006E5348 /* StringExtension.swift */ = {isa = PBXFileReference; lastKnownFileType = sourcecode.swift; path = StringExtension.swift; sourceTree = "<group>"; };
		0B0505C124E25B78006E5348 /* UIImageExtension.swift */ = {isa = PBXFileReference; lastKnownFileType = sourcecode.swift; path = UIImageExtension.swift; sourceTree = "<group>"; };
		0BEDF3D924DFBC7900CFD043 /* Weather Forecast.app */ = {isa = PBXFileReference; explicitFileType = wrapper.application; includeInIndex = 0; path = "Weather Forecast.app"; sourceTree = BUILT_PRODUCTS_DIR; };
		0BEDF3DC24DFBC7900CFD043 /* AppDelegate.swift */ = {isa = PBXFileReference; lastKnownFileType = sourcecode.swift; path = AppDelegate.swift; sourceTree = "<group>"; };
		0BEDF3DE24DFBC7900CFD043 /* SceneDelegate.swift */ = {isa = PBXFileReference; lastKnownFileType = sourcecode.swift; path = SceneDelegate.swift; sourceTree = "<group>"; };
		0BEDF3E024DFBC7900CFD043 /* ViewController.swift */ = {isa = PBXFileReference; lastKnownFileType = sourcecode.swift; path = ViewController.swift; sourceTree = "<group>"; };
		0BEDF3E324DFBC7900CFD043 /* Base */ = {isa = PBXFileReference; lastKnownFileType = file.storyboard; name = Base; path = Base.lproj/Main.storyboard; sourceTree = "<group>"; };
		0BEDF3E524DFBC7B00CFD043 /* Assets.xcassets */ = {isa = PBXFileReference; lastKnownFileType = folder.assetcatalog; path = Assets.xcassets; sourceTree = "<group>"; };
		0BEDF3E824DFBC7B00CFD043 /* Base */ = {isa = PBXFileReference; lastKnownFileType = file.storyboard; name = Base; path = Base.lproj/LaunchScreen.storyboard; sourceTree = "<group>"; };
		0BEDF3EA24DFBC7B00CFD043 /* Info.plist */ = {isa = PBXFileReference; lastKnownFileType = text.plist.xml; path = Info.plist; sourceTree = "<group>"; };
		0BEDF3F224DFBF5B00CFD043 /* WeatherTableViewCell.swift */ = {isa = PBXFileReference; lastKnownFileType = sourcecode.swift; path = WeatherTableViewCell.swift; sourceTree = "<group>"; };
		0BEDF3F324DFBF5B00CFD043 /* WeatherTableViewCell.xib */ = {isa = PBXFileReference; lastKnownFileType = file.xib; path = WeatherTableViewCell.xib; sourceTree = "<group>"; };
		0BEDF3F824DFBF8F00CFD043 /* HourlyTableViewCell.swift */ = {isa = PBXFileReference; lastKnownFileType = sourcecode.swift; path = HourlyTableViewCell.swift; sourceTree = "<group>"; };
		0BEDF3F924DFBF8F00CFD043 /* HourlyTableViewCell.xib */ = {isa = PBXFileReference; lastKnownFileType = file.xib; path = HourlyTableViewCell.xib; sourceTree = "<group>"; };
/* End PBXFileReference section */

/* Begin PBXFrameworksBuildPhase section */
		0BEDF3D624DFBC7900CFD043 /* Frameworks */ = {
			isa = PBXFrameworksBuildPhase;
			buildActionMask = 2147483647;
			files = (
			);
			runOnlyForDeploymentPostprocessing = 0;
		};
/* End PBXFrameworksBuildPhase section */

/* Begin PBXGroup section */
		0B0239A124E15D1100BD738F /* Model */ = {
			isa = PBXGroup;
			children = (
				0B0239AA24E15D3F00BD738F /* Current.swift */,
				0B0239A924E15D3F00BD738F /* Daily.swift */,
				0B0239A324E15D3F00BD738F /* FeelsLike.swift */,
				0B0239A224E15D3F00BD738F /* Hourly.swift */,
				0B0239A624E15D3F00BD738F /* Minutely.swift */,
				0B0239A424E15D3F00BD738F /* Rain.swift */,
				0B0239A524E15D3F00BD738F /* Temp.swift */,
				0B0239A824E15D3F00BD738F /* Weather.swift */,
				0B0239A724E15D3F00BD738F /* WeatherDataModel.swift */,
			);
			path = Model;
			sourceTree = "<group>";
		};
		0B0239B424E1617000BD738F /* Network */ = {
			isa = PBXGroup;
			children = (
				0B02399F24E15A8500BD738F /* ApiManager.swift */,
			);
			path = Network;
			sourceTree = "<group>";
		};
		0B0239B524E16A2800BD738F /* View */ = {
			isa = PBXGroup;
			children = (
				0B0239BB24E16A8100BD738F /* HourlyCollectionCell */,
				0B0239B624E16A3B00BD738F /* CurrentTimeCell */,
				0BEDF3F124DFBEFD00CFD043 /* WeatherCell */,
				0BEDF3F024DFBEE900CFD043 /* HourlyCell */,
			);
			path = View;
			sourceTree = "<group>";
		};
		0B0239B624E16A3B00BD738F /* CurrentTimeCell */ = {
			isa = PBXGroup;
			children = (
				0B0239B724E16A6000BD738F /* CurrentTimeTableViewCell.swift */,
				0B0239B824E16A6000BD738F /* CurrentTimeTableViewCell.xib */,
			);
			path = CurrentTimeCell;
			sourceTree = "<group>";
		};
		0B0239BB24E16A8100BD738F /* HourlyCollectionCell */ = {
			isa = PBXGroup;
			children = (
				0B0239BE24E16AC800BD738F /* HourlyCollectionViewCell.swift */,
				0B0239BF24E16AC800BD738F /* HourlyCollectionViewCell.xib */,
			);
			path = HourlyCollectionCell;
			sourceTree = "<group>";
		};
		0B0239C224E1726700BD738F /* Controller */ = {
			isa = PBXGroup;
			children = (
				0BEDF3E024DFBC7900CFD043 /* ViewController.swift */,
			);
			path = Controller;
			sourceTree = "<group>";
		};
		0B0505BE24E25B02006E5348 /* Extension */ = {
			isa = PBXGroup;
			children = (
				0B0505BF24E25B40006E5348 /* StringExtension.swift */,
				0B0505C124E25B78006E5348 /* UIImageExtension.swift */,
			);
			path = Extension;
			sourceTree = "<group>";
		};
		0BEDF3D024DFBC7900CFD043 = {
			isa = PBXGroup;
			children = (
				0BEDF3DB24DFBC7900CFD043 /* Weather Forecast */,
				0BEDF3DA24DFBC7900CFD043 /* Products */,
			);
			sourceTree = "<group>";
		};
		0BEDF3DA24DFBC7900CFD043 /* Products */ = {
			isa = PBXGroup;
			children = (
				0BEDF3D924DFBC7900CFD043 /* Weather Forecast.app */,
			);
			name = Products;
			sourceTree = "<group>";
		};
		0BEDF3DB24DFBC7900CFD043 /* Weather Forecast */ = {
			isa = PBXGroup;
			children = (
				0B0239B424E1617000BD738F /* Network */,
				0B0239A124E15D1100BD738F /* Model */,
				0B0239B524E16A2800BD738F /* View */,
				0B0239C224E1726700BD738F /* Controller */,
				0B0505BE24E25B02006E5348 /* Extension */,
				0BEDF3DC24DFBC7900CFD043 /* AppDelegate.swift */,
				0BEDF3DE24DFBC7900CFD043 /* SceneDelegate.swift */,
				0BEDF3E224DFBC7900CFD043 /* Main.storyboard */,
				0BEDF3E524DFBC7B00CFD043 /* Assets.xcassets */,
				0BEDF3E724DFBC7B00CFD043 /* LaunchScreen.storyboard */,
				0BEDF3EA24DFBC7B00CFD043 /* Info.plist */,
			);
			path = "Weather Forecast";
			sourceTree = "<group>";
		};
		0BEDF3F024DFBEE900CFD043 /* HourlyCell */ = {
			isa = PBXGroup;
			children = (
				0BEDF3F824DFBF8F00CFD043 /* HourlyTableViewCell.swift */,
				0BEDF3F924DFBF8F00CFD043 /* HourlyTableViewCell.xib */,
			);
			path = HourlyCell;
			sourceTree = "<group>";
		};
		0BEDF3F124DFBEFD00CFD043 /* WeatherCell */ = {
			isa = PBXGroup;
			children = (
				0BEDF3F224DFBF5B00CFD043 /* WeatherTableViewCell.swift */,
				0BEDF3F324DFBF5B00CFD043 /* WeatherTableViewCell.xib */,
			);
			path = WeatherCell;
			sourceTree = "<group>";
		};
/* End PBXGroup section */

/* Begin PBXNativeTarget section */
		0BEDF3D824DFBC7900CFD043 /* Weather Forecast */ = {
			isa = PBXNativeTarget;
			buildConfigurationList = 0BEDF3ED24DFBC7B00CFD043 /* Build configuration list for PBXNativeTarget "Weather Forecast" */;
			buildPhases = (
				0BEDF3D524DFBC7900CFD043 /* Sources */,
				0BEDF3D624DFBC7900CFD043 /* Frameworks */,
				0BEDF3D724DFBC7900CFD043 /* Resources */,
			);
			buildRules = (
			);
			dependencies = (
			);
			name = "Weather Forecast";
			productName = "Weather Forecast";
			productReference = 0BEDF3D924DFBC7900CFD043 /* Weather Forecast.app */;
			productType = "com.apple.product-type.application";
		};
/* End PBXNativeTarget section */

/* Begin PBXProject section */
		0BEDF3D124DFBC7900CFD043 /* Project object */ = {
			isa = PBXProject;
			attributes = {
				LastSwiftUpdateCheck = 1150;
				LastUpgradeCheck = 1150;
				ORGANIZATIONNAME = "sahil pathania";
				TargetAttributes = {
					0BEDF3D824DFBC7900CFD043 = {
						CreatedOnToolsVersion = 11.5;
					};
				};
			};
			buildConfigurationList = 0BEDF3D424DFBC7900CFD043 /* Build configuration list for PBXProject "Weather Forecast" */;
			compatibilityVersion = "Xcode 9.3";
			developmentRegion = en;
			hasScannedForEncodings = 0;
			knownRegions = (
				en,
				Base,
			);
			mainGroup = 0BEDF3D024DFBC7900CFD043;
			productRefGroup = 0BEDF3DA24DFBC7900CFD043 /* Products */;
			projectDirPath = "";
			projectRoot = "";
			targets = (
				0BEDF3D824DFBC7900CFD043 /* Weather Forecast */,
			);
		};
/* End PBXProject section */

/* Begin PBXResourcesBuildPhase section */
		0BEDF3D724DFBC7900CFD043 /* Resources */ = {
			isa = PBXResourcesBuildPhase;
			buildActionMask = 2147483647;
			files = (
				0BEDF3F524DFBF5B00CFD043 /* WeatherTableViewCell.xib in Resources */,
				0BEDF3FB24DFBF8F00CFD043 /* HourlyTableViewCell.xib in Resources */,
				0B0239BA24E16A6000BD738F /* CurrentTimeTableViewCell.xib in Resources */,
				0BEDF3E924DFBC7B00CFD043 /* LaunchScreen.storyboard in Resources */,
				0B0239C124E16AC800BD738F /* HourlyCollectionViewCell.xib in Resources */,
				0BEDF3E624DFBC7B00CFD043 /* Assets.xcassets in Resources */,
				0BEDF3E424DFBC7900CFD043 /* Main.storyboard in Resources */,
			);
			runOnlyForDeploymentPostprocessing = 0;
		};
/* End PBXResourcesBuildPhase section */

/* Begin PBXSourcesBuildPhase section */
		0BEDF3D524DFBC7900CFD043 /* Sources */ = {
			isa = PBXSourcesBuildPhase;
			buildActionMask = 2147483647;
			files = (
				0BEDF3F424DFBF5B00CFD043 /* WeatherTableViewCell.swift in Sources */,
				0BEDF3E124DFBC7900CFD043 /* ViewController.swift in Sources */,
				0BEDF3FA24DFBF8F00CFD043 /* HourlyTableViewCell.swift in Sources */,
				0BEDF3DD24DFBC7900CFD043 /* AppDelegate.swift in Sources */,
				0B0239C024E16AC800BD738F /* HourlyCollectionViewCell.swift in Sources */,
				0B0239A024E15A8500BD738F /* ApiManager.swift in Sources */,
				0B0239AF24E15D3F00BD738F /* Minutely.swift in Sources */,
				0B0239B324E15D3F00BD738F /* Current.swift in Sources */,
				0BEDF3DF24DFBC7900CFD043 /* SceneDelegate.swift in Sources */,
				0B0239AD24E15D3F00BD738F /* Rain.swift in Sources */,
				0B0239B124E15D3F00BD738F /* Weather.swift in Sources */,
				0B0239B024E15D3F00BD738F /* WeatherDataModel.swift in Sources */,
				0B0239AE24E15D3F00BD738F /* Temp.swift in Sources */,
				0B0505C224E25B78006E5348 /* UIImageExtension.swift in Sources */,
				0B0239AC24E15D3F00BD738F /* FeelsLike.swift in Sources */,
				0B0505C024E25B40006E5348 /* StringExtension.swift in Sources */,
				0B0239AB24E15D3F00BD738F /* Hourly.swift in Sources */,
				0B0239B924E16A6000BD738F /* CurrentTimeTableViewCell.swift in Sources */,
				0B0239B224E15D3F00BD738F /* Daily.swift in Sources */,
			);
			runOnlyForDeploymentPostprocessing = 0;
		};
/* End PBXSourcesBuildPhase section */

/* Begin PBXVariantGroup section */
		0BEDF3E224DFBC7900CFD043 /* Main.storyboard */ = {
			isa = PBXVariantGroup;
			children = (
				0BEDF3E324DFBC7900CFD043 /* Base */,
			);
			name = Main.storyboard;
			sourceTree = "<group>";
		};
		0BEDF3E724DFBC7B00CFD043 /* LaunchScreen.storyboard */ = {
			isa = PBXVariantGroup;
			children = (
				0BEDF3E824DFBC7B00CFD043 /* Base */,
			);
			name = LaunchScreen.storyboard;
			sourceTree = "<group>";
		};
/* End PBXVariantGroup section */

/* Begin XCBuildConfiguration section */
		0BEDF3EB24DFBC7B00CFD043 /* Debug */ = {
			isa = XCBuildConfiguration;
			buildSettings = {
				ALWAYS_SEARCH_USER_PATHS = NO;
				CLANG_ANALYZER_NONNULL = YES;
				CLANG_ANALYZER_NUMBER_OBJECT_CONVERSION = YES_AGGRESSIVE;
				CLANG_CXX_LANGUAGE_STANDARD = "gnu++14";
				CLANG_CXX_LIBRARY = "libc++";
				CLANG_ENABLE_MODULES = YES;
				CLANG_ENABLE_OBJC_ARC = YES;
				CLANG_ENABLE_OBJC_WEAK = YES;
				CLANG_WARN_BLOCK_CAPTURE_AUTORELEASING = YES;
				CLANG_WARN_BOOL_CONVERSION = YES;
				CLANG_WARN_COMMA = YES;
				CLANG_WARN_CONSTANT_CONVERSION = YES;
				CLANG_WARN_DEPRECATED_OBJC_IMPLEMENTATIONS = YES;
				CLANG_WARN_DIRECT_OBJC_ISA_USAGE = YES_ERROR;
				CLANG_WARN_DOCUMENTATION_COMMENTS = YES;
				CLANG_WARN_EMPTY_BODY = YES;
				CLANG_WARN_ENUM_CONVERSION = YES;
				CLANG_WARN_INFINITE_RECURSION = YES;
				CLANG_WARN_INT_CONVERSION = YES;
				CLANG_WARN_NON_LITERAL_NULL_CONVERSION = YES;
				CLANG_WARN_OBJC_IMPLICIT_RETAIN_SELF = YES;
				CLANG_WARN_OBJC_LITERAL_CONVERSION = YES;
				CLANG_WARN_OBJC_ROOT_CLASS = YES_ERROR;
				CLANG_WARN_RANGE_LOOP_ANALYSIS = YES;
				CLANG_WARN_STRICT_PROTOTYPES = YES;
				CLANG_WARN_SUSPICIOUS_MOVE = YES;
				CLANG_WARN_UNGUARDED_AVAILABILITY = YES_AGGRESSIVE;
				CLANG_WARN_UNREACHABLE_CODE = YES;
				CLANG_WARN__DUPLICATE_METHOD_MATCH = YES;
				COPY_PHASE_STRIP = NO;
				DEBUG_INFORMATION_FORMAT = dwarf;
				ENABLE_STRICT_OBJC_MSGSEND = YES;
				ENABLE_TESTABILITY = YES;
				GCC_C_LANGUAGE_STANDARD = gnu11;
				GCC_DYNAMIC_NO_PIC = NO;
				GCC_NO_COMMON_BLOCKS = YES;
				GCC_OPTIMIZATION_LEVEL = 0;
				GCC_PREPROCESSOR_DEFINITIONS = (
					"DEBUG=1",
					"$(inherited)",
				);
				GCC_WARN_64_TO_32_BIT_CONVERSION = YES;
				GCC_WARN_ABOUT_RETURN_TYPE = YES_ERROR;
				GCC_WARN_UNDECLARED_SELECTOR = YES;
				GCC_WARN_UNINITIALIZED_AUTOS = YES_AGGRESSIVE;
				GCC_WARN_UNUSED_FUNCTION = YES;
				GCC_WARN_UNUSED_VARIABLE = YES;
				IPHONEOS_DEPLOYMENT_TARGET = 13.5;
				MTL_ENABLE_DEBUG_INFO = INCLUDE_SOURCE;
				MTL_FAST_MATH = YES;
				ONLY_ACTIVE_ARCH = YES;
				SDKROOT = iphoneos;
				SWIFT_ACTIVE_COMPILATION_CONDITIONS = DEBUG;
				SWIFT_OPTIMIZATION_LEVEL = "-Onone";
			};
			name = Debug;
		};
		0BEDF3EC24DFBC7B00CFD043 /* Release */ = {
			isa = XCBuildConfiguration;
			buildSettings = {
				ALWAYS_SEARCH_USER_PATHS = NO;
				CLANG_ANALYZER_NONNULL = YES;
				CLANG_ANALYZER_NUMBER_OBJECT_CONVERSION = YES_AGGRESSIVE;
				CLANG_CXX_LANGUAGE_STANDARD = "gnu++14";
				CLANG_CXX_LIBRARY = "libc++";
				CLANG_ENABLE_MODULES = YES;
				CLANG_ENABLE_OBJC_ARC = YES;
				CLANG_ENABLE_OBJC_WEAK = YES;
				CLANG_WARN_BLOCK_CAPTURE_AUTORELEASING = YES;
				CLANG_WARN_BOOL_CONVERSION = YES;
				CLANG_WARN_COMMA = YES;
				CLANG_WARN_CONSTANT_CONVERSION = YES;
				CLANG_WARN_DEPRECATED_OBJC_IMPLEMENTATIONS = YES;
				CLANG_WARN_DIRECT_OBJC_ISA_USAGE = YES_ERROR;
				CLANG_WARN_DOCUMENTATION_COMMENTS = YES;
				CLANG_WARN_EMPTY_BODY = YES;
				CLANG_WARN_ENUM_CONVERSION = YES;
				CLANG_WARN_INFINITE_RECURSION = YES;
				CLANG_WARN_INT_CONVERSION = YES;
				CLANG_WARN_NON_LITERAL_NULL_CONVERSION = YES;
				CLANG_WARN_OBJC_IMPLICIT_RETAIN_SELF = YES;
				CLANG_WARN_OBJC_LITERAL_CONVERSION = YES;
				CLANG_WARN_OBJC_ROOT_CLASS = YES_ERROR;
				CLANG_WARN_RANGE_LOOP_ANALYSIS = YES;
				CLANG_WARN_STRICT_PROTOTYPES = YES;
				CLANG_WARN_SUSPICIOUS_MOVE = YES;
				CLANG_WARN_UNGUARDED_AVAILABILITY = YES_AGGRESSIVE;
				CLANG_WARN_UNREACHABLE_CODE = YES;
				CLANG_WARN__DUPLICATE_METHOD_MATCH = YES;
				COPY_PHASE_STRIP = NO;
				DEBUG_INFORMATION_FORMAT = "dwarf-with-dsym";
				ENABLE_NS_ASSERTIONS = NO;
				ENABLE_STRICT_OBJC_MSGSEND = YES;
				GCC_C_LANGUAGE_STANDARD = gnu11;
				GCC_NO_COMMON_BLOCKS = YES;
				GCC_WARN_64_TO_32_BIT_CONVERSION = YES;
				GCC_WARN_ABOUT_RETURN_TYPE = YES_ERROR;
				GCC_WARN_UNDECLARED_SELECTOR = YES;
				GCC_WARN_UNINITIALIZED_AUTOS = YES_AGGRESSIVE;
				GCC_WARN_UNUSED_FUNCTION = YES;
				GCC_WARN_UNUSED_VARIABLE = YES;
				IPHONEOS_DEPLOYMENT_TARGET = 13.5;
				MTL_ENABLE_DEBUG_INFO = NO;
				MTL_FAST_MATH = YES;
				SDKROOT = iphoneos;
				SWIFT_COMPILATION_MODE = wholemodule;
				SWIFT_OPTIMIZATION_LEVEL = "-O";
				VALIDATE_PRODUCT = YES;
			};
			name = Release;
		};
		0BEDF3EE24DFBC7B00CFD043 /* Debug */ = {
			isa = XCBuildConfiguration;
			buildSettings = {
				ASSETCATALOG_COMPILER_APPICON_NAME = AppIcon;
				CODE_SIGN_STYLE = Automatic;
				DEVELOPMENT_TEAM = XSAPZ77VXT;
				INFOPLIST_FILE = "Weather Forecast/Info.plist";
				LD_RUNPATH_SEARCH_PATHS = (
					"$(inherited)",
					"@executable_path/Frameworks",
				);
				PRODUCT_BUNDLE_IDENTIFIER = "sahil.Weather-Forecast";
				PRODUCT_NAME = "$(TARGET_NAME)";
				SWIFT_VERSION = 5.0;
				TARGETED_DEVICE_FAMILY = "1,2";
			};
			name = Debug;
		};
		0BEDF3EF24DFBC7B00CFD043 /* Release */ = {
			isa = XCBuildConfiguration;
			buildSettings = {
				ASSETCATALOG_COMPILER_APPICON_NAME = AppIcon;
				CODE_SIGN_STYLE = Automatic;
				DEVELOPMENT_TEAM = XSAPZ77VXT;
				INFOPLIST_FILE = "Weather Forecast/Info.plist";
				LD_RUNPATH_SEARCH_PATHS = (
					"$(inherited)",
					"@executable_path/Frameworks",
				);
				PRODUCT_BUNDLE_IDENTIFIER = "sahil.Weather-Forecast";
				PRODUCT_NAME = "$(TARGET_NAME)";
				SWIFT_VERSION = 5.0;
				TARGETED_DEVICE_FAMILY = "1,2";
			};
			name = Release;
		};
/* End XCBuildConfiguration section */

/* Begin XCConfigurationList section */
		0BEDF3D424DFBC7900CFD043 /* Build configuration list for PBXProject "Weather Forecast" */ = {
			isa = XCConfigurationList;
			buildConfigurations = (
				0BEDF3EB24DFBC7B00CFD043 /* Debug */,
				0BEDF3EC24DFBC7B00CFD043 /* Release */,
			);
			defaultConfigurationIsVisible = 0;
			defaultConfigurationName = Release;
		};
		0BEDF3ED24DFBC7B00CFD043 /* Build configuration list for PBXNativeTarget "Weather Forecast" */ = {
			isa = XCConfigurationList;
			buildConfigurations = (
				0BEDF3EE24DFBC7B00CFD043 /* Debug */,
				0BEDF3EF24DFBC7B00CFD043 /* Release */,
			);
			defaultConfigurationIsVisible = 0;
			defaultConfigurationName = Release;
		};
/* End XCConfigurationList section */
	};
	rootObject = 0BEDF3D124DFBC7900CFD043 /* Project object */;
}
